
Microsoft Visual Studio Solution File, Format Version 12.00
# Visual Studio 15
VisualStudioVersion = 15.0.27004.2009
MinimumVisualStudioVersion = 10.0.40219.1
Project("{FAE04EC0-301F-11D3-BF4B-00C04F79EFBC}") = "Calculator", "Calculator\Calculator.csproj", "{A3AE50EB-8BBC-48FD-B169-29E62CB7FE32}"
EndProject
Global
	GlobalSection(SolutionConfigurationPlatforms) = preSolution
		Debug|Any CPU = Debug|Any CPU
		Release|Any CPU = Release|Any CPU
	EndGlobalSection
	GlobalSection(ProjectConfigurationPlatforms) = postSolution
		{A3AE50EB-8BBC-48FD-B169-29E62CB7FE32}.Debug|Any CPU.ActiveCfg = Debug|Any CPU
		{A3AE50EB-8BBC-48FD-B169-29E62CB7FE32}.Debug|Any CPU.Build.0 = Debug|Any CPU
		{A3AE50EB-8BBC-48FD-B169-29E62CB7FE32}.Release|Any CPU.ActiveCfg = Release|Any CPU
		{A3AE50EB-8BBC-48FD-B169-29E62CB7FE32}.Release|Any CPU.Build.0 = Release|Any CPU
	EndGlobalSection
	GlobalSection(SolutionProperties) = preSolution
		HideSolutionNode = FALSE
	EndGlobalSection
	GlobalSection(ExtensibilityGlobals) = postSolution
		SolutionGuid = {F0F45A43-D9E5-4BB6-9F70-5C4101D936CF}
	EndGlobalSection
EndGlobal
